
Microsoft Visual Studio Solution File, Format Version 12.00
# Visual Studio 15
VisualStudioVersion = 15.0.26228.4
MinimumVisualStudioVersion = 10.0.40219.1
Project("{FAE04EC0-301F-11D3-BF4B-00C04F79EFBC}") = "CZManageSystem.Admin", "CZManageSystem.admin\CZManageSystem.Admin.csproj", "{A2003059-D93D-4F53-A599-CF08F598E718}"
EndProject
Project("{2150E333-8FDC-42A3-9474-1A3956D46DE8}") = "Plugins", "Plugins", "{9AA6DF42-ADCD-4F26-A4B9-6F565FBB3C57}"
EndProject
Project("{2150E333-8FDC-42A3-9474-1A3956D46DE8}") = "Interfaces", "Interfaces", "{BC6AD1B9-8288-4B92-A124-23D25C4D87ED}"
EndProject
Project("{2150E333-8FDC-42A3-9474-1A3956D46DE8}") = "Libraries", "Libraries", "{CFAB7D22-21BB-4663-80E9-0BDC41D1A379}"
EndProject
Project("{FAE04EC0-301F-11D3-BF4B-00C04F79EFBC}") = "CZManageSystem.Core", "Libraries\CZManageSystem.Core\CZManageSystem.Core.csproj", "{65DBFD20-D51F-474C-A6AB-B00DD451B922}"
EndProject
Project("{FAE04EC0-301F-11D3-BF4B-00C04F79EFBC}") = "CZManageSystem.Data", "Libraries\CZManageSystem.Data\CZManageSystem.Data.csproj", "{139758A1-2EFD-4150-A1F7-9503DAED932C}"
EndProject
Project("{FAE04EC0-301F-11D3-BF4B-00C04F79EFBC}") = "CZManageSystem.Service", "Libraries\CZManageSystem.Service\CZManageSystem.Service.csproj", "{50D570F9-8ADF-4A47-8242-57E5F97F6621}"
EndProject
Project("{2150E333-8FDC-42A3-9474-1A3956D46DE8}") = "EasyFlow", "EasyFlow", "{3DA6D192-FB6E-485B-BB0E-50C952C9C279}"
EndProject
Project("{FAE04EC0-301F-11D3-BF4B-00C04F79EFBC}") = "Botwave.DynamicForm.Extension", "Plugins\EasyFlow\Botwave.DynamicForm.Extension\Botwave.DynamicForm.Extension.csproj", "{05C07883-0574-4EE0-91D7-4D5CCB487A83}"
EndProject
Project("{FAE04EC0-301F-11D3-BF4B-00C04F79EFBC}") = "Botwave.Easyflow", "Plugins\EasyFlow\Botwave.Easyflow\Botwave.Easyflow.csproj", "{87CC9BA6-C574-4090-8816-CBBB9127480A}"
EndProject
Project("{FAE04EC0-301F-11D3-BF4B-00C04F79EFBC}") = "Botwave.FileManagement", "Plugins\EasyFlow\Botwave.FileManagement\Botwave.FileManagement.csproj", "{06A408C6-B486-40BE-A2C3-2AE2996632CF}"
EndProject
Project("{FAE04EC0-301F-11D3-BF4B-00C04F79EFBC}") = "Botwave.Workflow.Practices", "Plugins\EasyFlow\Botwave.Workflow.Practices\Botwave.Workflow.Practices.csproj", "{3C5FCA7A-7B06-4DE3-A041-29F82F04BACB}"
EndProject
Project("{FAE04EC0-301F-11D3-BF4B-00C04F79EFBC}") = "Botwave.Workflow.Routing", "Plugins\EasyFlow\Botwave.Workflow.Routing\Botwave.Workflow.Routing.csproj", "{8EAEB57F-219C-4E5F-9488-AE49E535A043}"
EndProject
Project("{FAE04EC0-301F-11D3-BF4B-00C04F79EFBC}") = "Botwave.XQP", "Plugins\EasyFlow\Botwave.XQP\Botwave.XQP.csproj", "{9B66F5E1-1C40-4D43-A6D3-72159A6C0D66}"
EndProject
Project("{FAE04EC0-301F-11D3-BF4B-00C04F79EFBC}") = "Plugin.Core", "Plugins\Plugin.Core\Plugin.Core.csproj", "{A9C398A6-E41A-4C34-9FCE-6B7982FB53CA}"
EndProject
Project("{FAE04EC0-301F-11D3-BF4B-00C04F79EFBC}") = "EasyFlowWeb", "Plugins\EasyFlow\EasyFlowWeb\EasyFlowWeb.csproj", "{9FD276C3-C5D8-400E-A324-0912C39C5E0D}"
EndProject
Project("{FAE04EC0-301F-11D3-BF4B-00C04F79EFBC}") = "Botwave.Core", "Plugins\EasyFlow\Botwave.Core\Botwave.Core.csproj", "{20CF5584-39AB-4274-BADA-0F50A4B6183A}"
EndProject
Project("{FAE04EC0-301F-11D3-BF4B-00C04F79EFBC}") = "Botwave.DynamicForm", "Plugins\EasyFlow\Botwave.DynamicForm\Botwave.DynamicForm.csproj", "{599562F2-BBD7-46D9-8F1F-8A2E9007484B}"
EndProject
Project("{FAE04EC0-301F-11D3-BF4B-00C04F79EFBC}") = "Botwave.DynamicForm.IBatisNet", "Plugins\EasyFlow\Botwave.DynamicForm.IBatisNet\Botwave.DynamicForm.IBatisNet.csproj", "{612E60DB-75A7-4CD7-9AE8-CCDB708B9B30}"
EndProject
Project("{F184B08F-C81C-45F6-A57F-5ABD9991F28F}") = "Botwave.Log.GMCC", "Plugins\EasyFlow\Botwave.Log.GMCC\Botwave.Log.GMCC.vbproj", "{448FBC19-EFAC-4A2E-9D15-BC8C3AE01917}"
EndProject
Project("{FAE04EC0-301F-11D3-BF4B-00C04F79EFBC}") = "Botwave.Security", "Plugins\EasyFlow\Botwave.Security\Botwave.Security.csproj", "{EA62F6D5-BB78-4E9D-8E7A-5D50E680D939}"
EndProject
Project("{FAE04EC0-301F-11D3-BF4B-00C04F79EFBC}") = "Botwave.Security.Extension", "Plugins\EasyFlow\Botwave.Security.Extension\Botwave.Security.Extension.csproj", "{D9024CD5-5E4B-42EF-9799-6CBF66A3D12F}"
EndProject
Project("{FAE04EC0-301F-11D3-BF4B-00C04F79EFBC}") = "Botwave.Security.IBatisNet", "Plugins\EasyFlow\Botwave.Security.IBatisNet\Botwave.Security.IBatisNet.csproj", "{3F3C3608-2AE9-4A1F-9F23-38C2E95E9C53}"
EndProject
Project("{FAE04EC0-301F-11D3-BF4B-00C04F79EFBC}") = "Botwave.Workflow.Core", "Plugins\EasyFlow\Botwave.Workflow.Core\Botwave.Workflow.Core.csproj", "{9A4AF51F-822C-4C0D-98FC-773F9EA89CF0}"
EndProject
Project("{FAE04EC0-301F-11D3-BF4B-00C04F79EFBC}") = "Botwave.Workflow.Extension", "Plugins\EasyFlow\Botwave.Workflow.Extension\Botwave.Workflow.Extension.csproj", "{6B5FA780-7BE5-4225-A4C3-7247F6C11135}"
EndProject
Project("{FAE04EC0-301F-11D3-BF4B-00C04F79EFBC}") = "Botwave.Workflow.IBatisNet", "Plugins\EasyFlow\Botwave.Workflow.IBatisNet\Botwave.Workflow.IBatisNet.csproj", "{D7470DE6-AAB0-4D3A-B69C-7B94C2DC6F1A}"
EndProject
Project("{2150E333-8FDC-42A3-9474-1A3956D46DE8}") = "Services", "Services", "{6608CDFC-2AAE-4ED0-9FAB-52C3C4039724}"
EndProject
Project("{FAE04EC0-301F-11D3-BF4B-00C04F79EFBC}") = "CZManageServer", "Services\CZManageServer\CZManageServer.csproj", "{56322CD3-F77C-4A64-8C5B-CAABC92AE35C}"
EndProject
Project("{FAE04EC0-301F-11D3-BF4B-00C04F79EFBC}") = "ServiceLibrary", "Services\ServiceLibrary\ServiceLibrary.csproj", "{201D2EF4-ECE9-4A94-9DF4-5ADB45487DFB}"
EndProject
Project("{FAE04EC0-301F-11D3-BF4B-00C04F79EFBC}") = "winCeshi", "Services\winCeshi\winCeshi.csproj", "{17BF49FA-FD64-4464-B972-39714241A4CF}"
EndProject
Project("{FAE04EC0-301F-11D3-BF4B-00C04F79EFBC}") = "Botwave.Extension.IBatisNet", "Plugins\EasyFlow\Botwave.Extension.IBatisNet\Botwave.Extension.IBatisNet.csproj", "{F6D8E05C-CA82-4420-B267-5FC4316014D3}"
EndProject
Project("{FAE04EC0-301F-11D3-BF4B-00C04F79EFBC}") = "WebService_WF", "Services\WebService_WF\WebService_WF.csproj", "{71A27A41-DC40-41C6-B2FA-00FE325C1143}"
EndProject
Project("{FAE04EC0-301F-11D3-BF4B-00C04F79EFBC}") = "DocumentManage", "DocumentManage\DocumentManage.csproj", "{1E224BB4-0554-473D-BC09-223F4A0D14AF}"
EndProject
Global
	GlobalSection(SolutionConfigurationPlatforms) = preSolution
		Debug|Any CPU = Debug|Any CPU
		Release|Any CPU = Release|Any CPU
	EndGlobalSection
	GlobalSection(ProjectConfigurationPlatforms) = postSolution
		{A2003059-D93D-4F53-A599-CF08F598E718}.Debug|Any CPU.ActiveCfg = Debug|Any CPU
		{A2003059-D93D-4F53-A599-CF08F598E718}.Debug|Any CPU.Build.0 = Debug|Any CPU
		{A2003059-D93D-4F53-A599-CF08F598E718}.Release|Any CPU.ActiveCfg = Release|Any CPU
		{A2003059-D93D-4F53-A599-CF08F598E718}.Release|Any CPU.Build.0 = Release|Any CPU
		{65DBFD20-D51F-474C-A6AB-B00DD451B922}.Debug|Any CPU.ActiveCfg = Debug|Any CPU
		{65DBFD20-D51F-474C-A6AB-B00DD451B922}.Debug|Any CPU.Build.0 = Debug|Any CPU
		{65DBFD20-D51F-474C-A6AB-B00DD451B922}.Release|Any CPU.ActiveCfg = Release|Any CPU
		{65DBFD20-D51F-474C-A6AB-B00DD451B922}.Release|Any CPU.Build.0 = Release|Any CPU
		{139758A1-2EFD-4150-A1F7-9503DAED932C}.Debug|Any CPU.ActiveCfg = Debug|Any CPU
		{139758A1-2EFD-4150-A1F7-9503DAED932C}.Debug|Any CPU.Build.0 = Debug|Any CPU
		{139758A1-2EFD-4150-A1F7-9503DAED932C}.Release|Any CPU.ActiveCfg = Release|Any CPU
		{139758A1-2EFD-4150-A1F7-9503DAED932C}.Release|Any CPU.Build.0 = Release|Any CPU
		{50D570F9-8ADF-4A47-8242-57E5F97F6621}.Debug|Any CPU.ActiveCfg = Debug|Any CPU
		{50D570F9-8ADF-4A47-8242-57E5F97F6621}.Debug|Any CPU.Build.0 = Debug|Any CPU
		{50D570F9-8ADF-4A47-8242-57E5F97F6621}.Release|Any CPU.ActiveCfg = Release|Any CPU
		{50D570F9-8ADF-4A47-8242-57E5F97F6621}.Release|Any CPU.Build.0 = Release|Any CPU
		{05C07883-0574-4EE0-91D7-4D5CCB487A83}.Debug|Any CPU.ActiveCfg = Debug|Any CPU
		{05C07883-0574-4EE0-91D7-4D5CCB487A83}.Debug|Any CPU.Build.0 = Debug|Any CPU
		{05C07883-0574-4EE0-91D7-4D5CCB487A83}.Release|Any CPU.ActiveCfg = Release|Any CPU
		{05C07883-0574-4EE0-91D7-4D5CCB487A83}.Release|Any CPU.Build.0 = Release|Any CPU
		{87CC9BA6-C574-4090-8816-CBBB9127480A}.Debug|Any CPU.ActiveCfg = Debug|Any CPU
		{87CC9BA6-C574-4090-8816-CBBB9127480A}.Debug|Any CPU.Build.0 = Debug|Any CPU
		{87CC9BA6-C574-4090-8816-CBBB9127480A}.Release|Any CPU.ActiveCfg = Release|Any CPU
		{87CC9BA6-C574-4090-8816-CBBB9127480A}.Release|Any CPU.Build.0 = Release|Any CPU
		{06A408C6-B486-40BE-A2C3-2AE2996632CF}.Debug|Any CPU.ActiveCfg = Debug|Any CPU
		{06A408C6-B486-40BE-A2C3-2AE2996632CF}.Debug|Any CPU.Build.0 = Debug|Any CPU
		{06A408C6-B486-40BE-A2C3-2AE2996632CF}.Release|Any CPU.ActiveCfg = Release|Any CPU
		{06A408C6-B486-40BE-A2C3-2AE2996632CF}.Release|Any CPU.Build.0 = Release|Any CPU
		{3C5FCA7A-7B06-4DE3-A041-29F82F04BACB}.Debug|Any CPU.ActiveCfg = Debug|Any CPU
		{3C5FCA7A-7B06-4DE3-A041-29F82F04BACB}.Debug|Any CPU.Build.0 = Debug|Any CPU
		{3C5FCA7A-7B06-4DE3-A041-29F82F04BACB}.Release|Any CPU.ActiveCfg = Release|Any CPU
		{3C5FCA7A-7B06-4DE3-A041-29F82F04BACB}.Release|Any CPU.Build.0 = Release|Any CPU
		{8EAEB57F-219C-4E5F-9488-AE49E535A043}.Debug|Any CPU.ActiveCfg = Debug|Any CPU
		{8EAEB57F-219C-4E5F-9488-AE49E535A043}.Debug|Any CPU.Build.0 = Debug|Any CPU
		{8EAEB57F-219C-4E5F-9488-AE49E535A043}.Release|Any CPU.ActiveCfg = Release|Any CPU
		{8EAEB57F-219C-4E5F-9488-AE49E535A043}.Release|Any CPU.Build.0 = Release|Any CPU
		{9B66F5E1-1C40-4D43-A6D3-72159A6C0D66}.Debug|Any CPU.ActiveCfg = Debug|Any CPU
		{9B66F5E1-1C40-4D43-A6D3-72159A6C0D66}.Debug|Any CPU.Build.0 = Debug|Any CPU
		{9B66F5E1-1C40-4D43-A6D3-72159A6C0D66}.Release|Any CPU.ActiveCfg = Release|Any CPU
		{9B66F5E1-1C40-4D43-A6D3-72159A6C0D66}.Release|Any CPU.Build.0 = Release|Any CPU
		{A9C398A6-E41A-4C34-9FCE-6B7982FB53CA}.Debug|Any CPU.ActiveCfg = Debug|Any CPU
		{A9C398A6-E41A-4C34-9FCE-6B7982FB53CA}.Debug|Any CPU.Build.0 = Debug|Any CPU
		{A9C398A6-E41A-4C34-9FCE-6B7982FB53CA}.Release|Any CPU.ActiveCfg = Release|Any CPU
		{A9C398A6-E41A-4C34-9FCE-6B7982FB53CA}.Release|Any CPU.Build.0 = Release|Any CPU
		{9FD276C3-C5D8-400E-A324-0912C39C5E0D}.Debug|Any CPU.ActiveCfg = Debug|Any CPU
		{9FD276C3-C5D8-400E-A324-0912C39C5E0D}.Debug|Any CPU.Build.0 = Debug|Any CPU
		{9FD276C3-C5D8-400E-A324-0912C39C5E0D}.Release|Any CPU.ActiveCfg = Release|Any CPU
		{9FD276C3-C5D8-400E-A324-0912C39C5E0D}.Release|Any CPU.Build.0 = Release|Any CPU
		{20CF5584-39AB-4274-BADA-0F50A4B6183A}.Debug|Any CPU.ActiveCfg = Debug|Any CPU
		{20CF5584-39AB-4274-BADA-0F50A4B6183A}.Debug|Any CPU.Build.0 = Debug|Any CPU
		{20CF5584-39AB-4274-BADA-0F50A4B6183A}.Release|Any CPU.ActiveCfg = Release|Any CPU
		{20CF5584-39AB-4274-BADA-0F50A4B6183A}.Release|Any CPU.Build.0 = Release|Any CPU
		{599562F2-BBD7-46D9-8F1F-8A2E9007484B}.Debug|Any CPU.ActiveCfg = Debug|Any CPU
		{599562F2-BBD7-46D9-8F1F-8A2E9007484B}.Debug|Any CPU.Build.0 = Debug|Any CPU
		{599562F2-BBD7-46D9-8F1F-8A2E9007484B}.Release|Any CPU.ActiveCfg = Release|Any CPU
		{599562F2-BBD7-46D9-8F1F-8A2E9007484B}.Release|Any CPU.Build.0 = Release|Any CPU
		{612E60DB-75A7-4CD7-9AE8-CCDB708B9B30}.Debug|Any CPU.ActiveCfg = Debug|Any CPU
		{612E60DB-75A7-4CD7-9AE8-CCDB708B9B30}.Debug|Any CPU.Build.0 = Debug|Any CPU
		{612E60DB-75A7-4CD7-9AE8-CCDB708B9B30}.Release|Any CPU.ActiveCfg = Release|Any CPU
		{612E60DB-75A7-4CD7-9AE8-CCDB708B9B30}.Release|Any CPU.Build.0 = Release|Any CPU
		{448FBC19-EFAC-4A2E-9D15-BC8C3AE01917}.Debug|Any CPU.ActiveCfg = Debug|Any CPU
		{448FBC19-EFAC-4A2E-9D15-BC8C3AE01917}.Debug|Any CPU.Build.0 = Debug|Any CPU
		{448FBC19-EFAC-4A2E-9D15-BC8C3AE01917}.Release|Any CPU.ActiveCfg = Release|Any CPU
		{448FBC19-EFAC-4A2E-9D15-BC8C3AE01917}.Release|Any CPU.Build.0 = Release|Any CPU
		{EA62F6D5-BB78-4E9D-8E7A-5D50E680D939}.Debug|Any CPU.ActiveCfg = Debug|Any CPU
		{EA62F6D5-BB78-4E9D-8E7A-5D50E680D939}.Debug|Any CPU.Build.0 = Debug|Any CPU
		{EA62F6D5-BB78-4E9D-8E7A-5D50E680D939}.Release|Any CPU.ActiveCfg = Release|Any CPU
		{EA62F6D5-BB78-4E9D-8E7A-5D50E680D939}.Release|Any CPU.Build.0 = Release|Any CPU
		{D9024CD5-5E4B-42EF-9799-6CBF66A3D12F}.Debug|Any CPU.ActiveCfg = Debug|Any CPU
		{D9024CD5-5E4B-42EF-9799-6CBF66A3D12F}.Debug|Any CPU.Build.0 = Debug|Any CPU
		{D9024CD5-5E4B-42EF-9799-6CBF66A3D12F}.Release|Any CPU.ActiveCfg = Release|Any CPU
		{D9024CD5-5E4B-42EF-9799-6CBF66A3D12F}.Release|Any CPU.Build.0 = Release|Any CPU
		{3F3C3608-2AE9-4A1F-9F23-38C2E95E9C53}.Debug|Any CPU.ActiveCfg = Debug|Any CPU
		{3F3C3608-2AE9-4A1F-9F23-38C2E95E9C53}.Debug|Any CPU.Build.0 = Debug|Any CPU
		{3F3C3608-2AE9-4A1F-9F23-38C2E95E9C53}.Release|Any CPU.ActiveCfg = Release|Any CPU
		{3F3C3608-2AE9-4A1F-9F23-38C2E95E9C53}.Release|Any CPU.Build.0 = Release|Any CPU
		{9A4AF51F-822C-4C0D-98FC-773F9EA89CF0}.Debug|Any CPU.ActiveCfg = Debug|Any CPU
		{9A4AF51F-822C-4C0D-98FC-773F9EA89CF0}.Debug|Any CPU.Build.0 = Debug|Any CPU
		{9A4AF51F-822C-4C0D-98FC-773F9EA89CF0}.Release|Any CPU.ActiveCfg = Release|Any CPU
		{9A4AF51F-822C-4C0D-98FC-773F9EA89CF0}.Release|Any CPU.Build.0 = Release|Any CPU
		{6B5FA780-7BE5-4225-A4C3-7247F6C11135}.Debug|Any CPU.ActiveCfg = Debug|Any CPU
		{6B5FA780-7BE5-4225-A4C3-7247F6C11135}.Debug|Any CPU.Build.0 = Debug|Any CPU
		{6B5FA780-7BE5-4225-A4C3-7247F6C11135}.Release|Any CPU.ActiveCfg = Release|Any CPU
		{6B5FA780-7BE5-4225-A4C3-7247F6C11135}.Release|Any CPU.Build.0 = Release|Any CPU
		{D7470DE6-AAB0-4D3A-B69C-7B94C2DC6F1A}.Debug|Any CPU.ActiveCfg = Debug|Any CPU
		{D7470DE6-AAB0-4D3A-B69C-7B94C2DC6F1A}.Debug|Any CPU.Build.0 = Debug|Any CPU
		{D7470DE6-AAB0-4D3A-B69C-7B94C2DC6F1A}.Release|Any CPU.ActiveCfg = Release|Any CPU
		{D7470DE6-AAB0-4D3A-B69C-7B94C2DC6F1A}.Release|Any CPU.Build.0 = Release|Any CPU
		{56322CD3-F77C-4A64-8C5B-CAABC92AE35C}.Debug|Any CPU.ActiveCfg = Debug|Any CPU
		{56322CD3-F77C-4A64-8C5B-CAABC92AE35C}.Debug|Any CPU.Build.0 = Debug|Any CPU
		{56322CD3-F77C-4A64-8C5B-CAABC92AE35C}.Release|Any CPU.ActiveCfg = Release|Any CPU
		{56322CD3-F77C-4A64-8C5B-CAABC92AE35C}.Release|Any CPU.Build.0 = Release|Any CPU
		{201D2EF4-ECE9-4A94-9DF4-5ADB45487DFB}.Debug|Any CPU.ActiveCfg = Debug|Any CPU
		{201D2EF4-ECE9-4A94-9DF4-5ADB45487DFB}.Debug|Any CPU.Build.0 = Debug|Any CPU
		{201D2EF4-ECE9-4A94-9DF4-5ADB45487DFB}.Release|Any CPU.ActiveCfg = Release|Any CPU
		{201D2EF4-ECE9-4A94-9DF4-5ADB45487DFB}.Release|Any CPU.Build.0 = Release|Any CPU
		{17BF49FA-FD64-4464-B972-39714241A4CF}.Debug|Any CPU.ActiveCfg = Debug|Any CPU
		{17BF49FA-FD64-4464-B972-39714241A4CF}.Debug|Any CPU.Build.0 = Debug|Any CPU
		{17BF49FA-FD64-4464-B972-39714241A4CF}.Release|Any CPU.ActiveCfg = Release|Any CPU
		{17BF49FA-FD64-4464-B972-39714241A4CF}.Release|Any CPU.Build.0 = Release|Any CPU
		{F6D8E05C-CA82-4420-B267-5FC4316014D3}.Debug|Any CPU.ActiveCfg = Debug|Any CPU
		{F6D8E05C-CA82-4420-B267-5FC4316014D3}.Debug|Any CPU.Build.0 = Debug|Any CPU
		{F6D8E05C-CA82-4420-B267-5FC4316014D3}.Release|Any CPU.ActiveCfg = Release|Any CPU
		{F6D8E05C-CA82-4420-B267-5FC4316014D3}.Release|Any CPU.Build.0 = Release|Any CPU
		{71A27A41-DC40-41C6-B2FA-00FE325C1143}.Debug|Any CPU.ActiveCfg = Debug|Any CPU
		{71A27A41-DC40-41C6-B2FA-00FE325C1143}.Debug|Any CPU.Build.0 = Debug|Any CPU
		{71A27A41-DC40-41C6-B2FA-00FE325C1143}.Release|Any CPU.ActiveCfg = Release|Any CPU
		{71A27A41-DC40-41C6-B2FA-00FE325C1143}.Release|Any CPU.Build.0 = Release|Any CPU
		{1E224BB4-0554-473D-BC09-223F4A0D14AF}.Debug|Any CPU.ActiveCfg = Debug|Any CPU
		{1E224BB4-0554-473D-BC09-223F4A0D14AF}.Debug|Any CPU.Build.0 = Debug|Any CPU
		{1E224BB4-0554-473D-BC09-223F4A0D14AF}.Release|Any CPU.ActiveCfg = Release|Any CPU
		{1E224BB4-0554-473D-BC09-223F4A0D14AF}.Release|Any CPU.Build.0 = Release|Any CPU
	EndGlobalSection
	GlobalSection(SolutionProperties) = preSolution
		HideSolutionNode = FALSE
	EndGlobalSection
	GlobalSection(NestedProjects) = preSolution
		{65DBFD20-D51F-474C-A6AB-B00DD451B922} = {CFAB7D22-21BB-4663-80E9-0BDC41D1A379}
		{139758A1-2EFD-4150-A1F7-9503DAED932C} = {CFAB7D22-21BB-4663-80E9-0BDC41D1A379}
		{50D570F9-8ADF-4A47-8242-57E5F97F6621} = {CFAB7D22-21BB-4663-80E9-0BDC41D1A379}
		{3DA6D192-FB6E-485B-BB0E-50C952C9C279} = {9AA6DF42-ADCD-4F26-A4B9-6F565FBB3C57}
		{05C07883-0574-4EE0-91D7-4D5CCB487A83} = {3DA6D192-FB6E-485B-BB0E-50C952C9C279}
		{87CC9BA6-C574-4090-8816-CBBB9127480A} = {3DA6D192-FB6E-485B-BB0E-50C952C9C279}
		{06A408C6-B486-40BE-A2C3-2AE2996632CF} = {3DA6D192-FB6E-485B-BB0E-50C952C9C279}
		{3C5FCA7A-7B06-4DE3-A041-29F82F04BACB} = {3DA6D192-FB6E-485B-BB0E-50C952C9C279}
		{8EAEB57F-219C-4E5F-9488-AE49E535A043} = {3DA6D192-FB6E-485B-BB0E-50C952C9C279}
		{9B66F5E1-1C40-4D43-A6D3-72159A6C0D66} = {3DA6D192-FB6E-485B-BB0E-50C952C9C279}
		{A9C398A6-E41A-4C34-9FCE-6B7982FB53CA} = {9AA6DF42-ADCD-4F26-A4B9-6F565FBB3C57}
		{9FD276C3-C5D8-400E-A324-0912C39C5E0D} = {3DA6D192-FB6E-485B-BB0E-50C952C9C279}
		{20CF5584-39AB-4274-BADA-0F50A4B6183A} = {3DA6D192-FB6E-485B-BB0E-50C952C9C279}
		{599562F2-BBD7-46D9-8F1F-8A2E9007484B} = {3DA6D192-FB6E-485B-BB0E-50C952C9C279}
		{612E60DB-75A7-4CD7-9AE8-CCDB708B9B30} = {3DA6D192-FB6E-485B-BB0E-50C952C9C279}
		{448FBC19-EFAC-4A2E-9D15-BC8C3AE01917} = {3DA6D192-FB6E-485B-BB0E-50C952C9C279}
		{EA62F6D5-BB78-4E9D-8E7A-5D50E680D939} = {3DA6D192-FB6E-485B-BB0E-50C952C9C279}
		{D9024CD5-5E4B-42EF-9799-6CBF66A3D12F} = {3DA6D192-FB6E-485B-BB0E-50C952C9C279}
		{3F3C3608-2AE9-4A1F-9F23-38C2E95E9C53} = {3DA6D192-FB6E-485B-BB0E-50C952C9C279}
		{9A4AF51F-822C-4C0D-98FC-773F9EA89CF0} = {3DA6D192-FB6E-485B-BB0E-50C952C9C279}
		{6B5FA780-7BE5-4225-A4C3-7247F6C11135} = {3DA6D192-FB6E-485B-BB0E-50C952C9C279}
		{D7470DE6-AAB0-4D3A-B69C-7B94C2DC6F1A} = {3DA6D192-FB6E-485B-BB0E-50C952C9C279}
		{56322CD3-F77C-4A64-8C5B-CAABC92AE35C} = {6608CDFC-2AAE-4ED0-9FAB-52C3C4039724}
		{201D2EF4-ECE9-4A94-9DF4-5ADB45487DFB} = {6608CDFC-2AAE-4ED0-9FAB-52C3C4039724}
		{17BF49FA-FD64-4464-B972-39714241A4CF} = {6608CDFC-2AAE-4ED0-9FAB-52C3C4039724}
		{F6D8E05C-CA82-4420-B267-5FC4316014D3} = {3DA6D192-FB6E-485B-BB0E-50C952C9C279}
		{71A27A41-DC40-41C6-B2FA-00FE325C1143} = {6608CDFC-2AAE-4ED0-9FAB-52C3C4039724}
	EndGlobalSection
EndGlobal
